<?xml version="1.0" encoding="utf-8"?>
<Project ToolsVersion="4.0" xmlns="http://schemas.microsoft.com/developer/msbuild/2003">
  <ItemGroup>
    <Filter Include="src">
      <UniqueIdentifier>{4FC737F1-C7A5-4376-A066-2A32D752A2FF}</UniqueIdentifier>
      <Extensions>cpp;c;cc;cxx;c++;cppm;ixx;def;odl;idl;hpj;bat;asm;asmx</Extensions>
    </Filter>
    <Filter Include="includes">
      <UniqueIdentifier>{93995380-89BD-4b04-88EB-625FBE52EBFB}</UniqueIdentifier>
      <Extensions>h;hh;hpp;hxx;h++;hm;inl;inc;ipp;xsd</Extensions>
    </Filter>
  </ItemGroup>
  <ItemGroup>
    <ClCompile Include="src\curl.cpp">
      <Filter>src</Filter>
    </ClCompile>
  </ItemGroup>
  <ItemGroup>
    <ClInclude Include="includes\curl\curl.h">
      <Filter>includes</Filter>
    </ClInclude>
    <ClInclude Include="includes\curl\curlver.h">
      <Filter>includes</Filter>
    </ClInclude>
    <ClInclude Include="includes\curl\easy.h">
      <Filter>includes</Filter>
    </ClInclude>
    <ClInclude Include="includes\curl\header.h">
      <Filter>includes</Filter>
    </ClInclude>
    <ClInclude Include="includes\curl\mprintf.h">
      <Filter>includes</Filter>
    </ClInclude>
    <ClInclude Include="includes\curl\multi.h">
      <Filter>includes</Filter>
    </ClInclude>
    <ClInclude Include="includes\curl\options.h">
      <Filter>includes</Filter>
    </ClInclude>
    <ClInclude Include="includes\curl\stdcheaders.h">
      <Filter>includes</Filter>
    </ClInclude>
    <ClInclude Include="includes\curl\system.h">
      <Filter>includes</Filter>
    </ClInclude>
    <ClInclude Include="includes\curl\typecheck-gcc.h">
      <Filter>includes</Filter>
    </ClInclude>
    <ClInclude Include="includes\curl\urlapi.h">
      <Filter>includes</Filter>
    </ClInclude>
    <ClInclude Include="includes\curl\websockets.h">
      <Filter>includes</Filter>
    </ClInclude>
    <ClInclude Include="src\slist_wc.h">
      <Filter>includes</Filter>
    </ClInclude>
    <ClInclude Include="src\tool_binmode.h">
      <Filter>includes</Filter>
    </ClInclude>
    <ClInclude Include="src\tool_bname.h">
      <Filter>includes</Filter>
    </ClInclude>
    <ClInclude Include="src\tool_cb_dbg.h">
      <Filter>includes</Filter>
    </ClInclude>
    <ClInclude Include="src\tool_cb_hdr.h">
      <Filter>includes</Filter>
    </ClInclude>
    <ClInclude Include="src\tool_cb_prg.h">
      <Filter>includes</Filter>
    </ClInclude>
    <ClInclude Include="src\tool_cb_rea.h">
      <Filter>includes</Filter>
    </ClInclude>
    <ClInclude Include="src\tool_cb_see.h">
      <Filter>includes</Filter>
    </ClInclude>
    <ClInclude Include="src\tool_cb_wrt.h">
      <Filter>includes</Filter>
    </ClInclude>
    <ClInclude Include="src\tool_cfgable.h">
      <Filter>includes</Filter>
    </ClInclude>
    <ClInclude Include="src\tool_dirhie.h">
      <Filter>includes</Filter>
    </ClInclude>
    <ClInclude Include="src\tool_doswin.h">
      <Filter>includes</Filter>
    </ClInclude>
    <ClInclude Include="src\tool_easysrc.h">
      <Filter>includes</Filter>
    </ClInclude>
    <ClInclude Include="src\tool_filetime.h">
      <Filter>includes</Filter>
    </ClInclude>
    <ClInclude Include="src\tool_findfile.h">
      <Filter>includes</Filter>
    </ClInclude>
    <ClInclude Include="src\tool_formparse.h">
      <Filter>includes</Filter>
    </ClInclude>
    <ClInclude Include="src\tool_getparam.h">
      <Filter>includes</Filter>
    </ClInclude>
    <ClInclude Include="src\tool_getpass.h">
      <Filter>includes</Filter>
    </ClInclude>
    <ClInclude Include="src\tool_help.h">
      <Filter>includes</Filter>
    </ClInclude>
    <ClInclude Include="src\tool_helpers.h">
      <Filter>includes</Filter>
    </ClInclude>
    <ClInclude Include="src\tool_hugehelp.h">
      <Filter>includes</Filter>
    </ClInclude>
    <ClInclude Include="src\tool_libinfo.h">
      <Filter>includes</Filter>
    </ClInclude>
    <ClInclude Include="src\tool_main.h">
      <Filter>includes</Filter>
    </ClInclude>
    <ClInclude Include="src\tool_msgs.h">
      <Filter>includes</Filter>
    </ClInclude>
    <ClInclude Include="src\tool_operate.h">
      <Filter>includes</Filter>
    </ClInclude>
    <ClInclude Include="src\tool_operhlp.h">
      <Filter>includes</Filter>
    </ClInclude>
    <ClInclude Include="src\tool_paramhlp.h">
      <Filter>includes</Filter>
    </ClInclude>
    <ClInclude Include="src\tool_parsecfg.h">
      <Filter>includes</Filter>
    </ClInclude>
    <ClInclude Include="src\tool_progress.h">
      <Filter>includes</Filter>
    </ClInclude>
    <ClInclude Include="src\tool_sdecls.h">
      <Filter>includes</Filter>
    </ClInclude>
    <ClInclude Include="src\tool_setopt.h">
      <Filter>includes</Filter>
    </ClInclude>
    <ClInclude Include="src\tool_setup.h">
      <Filter>includes</Filter>
    </ClInclude>
    <ClInclude Include="src\tool_sleep.h">
      <Filter>includes</Filter>
    </ClInclude>
    <ClInclude Include="src\tool_stderr.h">
      <Filter>includes</Filter>
    </ClInclude>
    <ClInclude Include="src\tool_strdup.h">
      <Filter>includes</Filter>
    </ClInclude>
    <ClInclude Include="src\tool_urlglob.h">
      <Filter>includes</Filter>
    </ClInclude>
    <ClInclude Include="src\tool_util.h">
      <Filter>includes</Filter>
    </ClInclude>
    <ClInclude Include="src\tool_version.h">
      <Filter>includes</Filter>
    </ClInclude>
    <ClInclude Include="src\tool_vms.h">
      <Filter>includes</Filter>
    </ClInclude>
    <ClInclude Include="src\tool_writeout.h">
      <Filter>includes</Filter>
    </ClInclude>
    <ClInclude Include="src\tool_writeout_json.h">
      <Filter>includes</Filter>
    </ClInclude>
    <ClInclude Include="src\tool_xattr.h">
      <Filter>includes</Filter>
    </ClInclude>
    <ClInclude Include="src\lib\vauth\digest.h">
      <Filter>includes</Filter>
    </ClInclude>
    <ClInclude Include="src\lib\vauth\ntlm.h">
      <Filter>includes</Filter>
    </ClInclude>
    <ClInclude Include="src\lib\vauth\vauth.h">
      <Filter>includes</Filter>
    </ClInclude>
    <ClInclude Include="src\lib\vquic\curl_msh3.h">
      <Filter>includes</Filter>
    </ClInclude>
    <ClInclude Include="src\lib\vquic\curl_ngtcp2.h">
      <Filter>includes</Filter>
    </ClInclude>
    <ClInclude Include="src\lib\vquic\curl_quiche.h">
      <Filter>includes</Filter>
    </ClInclude>
    <ClInclude Include="src\lib\vquic\vquic.h">
      <Filter>includes</Filter>
    </ClInclude>
    <ClInclude Include="src\lib\vquic\vquic_int.h">
      <Filter>includes</Filter>
    </ClInclude>
    <ClInclude Include="src\lib\vssh\ssh.h">
      <Filter>includes</Filter>
    </ClInclude>
    <ClInclude Include="src\lib\vtls\bearssl.h">
      <Filter>includes</Filter>
    </ClInclude>
    <ClInclude Include="src\lib\vtls\gskit.h">
      <Filter>includes</Filter>
    </ClInclude>
    <ClInclude Include="src\lib\vtls\gtls.h">
      <Filter>includes</Filter>
    </ClInclude>
    <ClInclude Include="src\lib\vtls\hostcheck.h">
      <Filter>includes</Filter>
    </ClInclude>
    <ClInclude Include="src\lib\vtls\keylog.h">
      <Filter>includes</Filter>
    </ClInclude>
    <ClInclude Include="src\lib\vtls\mbedtls.h">
      <Filter>includes</Filter>
    </ClInclude>
    <ClInclude Include="src\lib\vtls\mbedtls_threadlock.h">
      <Filter>includes</Filter>
    </ClInclude>
    <ClInclude Include="src\lib\vtls\nssg.h">
      <Filter>includes</Filter>
    </ClInclude>
    <ClInclude Include="src\lib\vtls\openssl.h">
      <Filter>includes</Filter>
    </ClInclude>
    <ClInclude Include="src\lib\vtls\rustls.h">
      <Filter>includes</Filter>
    </ClInclude>
    <ClInclude Include="src\lib\vtls\schannel.h">
      <Filter>includes</Filter>
    </ClInclude>
    <ClInclude Include="src\lib\vtls\schannel_int.h">
      <Filter>includes</Filter>
    </ClInclude>
    <ClInclude Include="src\lib\vtls\sectransp.h">
      <Filter>includes</Filter>
    </ClInclude>
    <ClInclude Include="src\lib\vtls\vtls.h">
      <Filter>includes</Filter>
    </ClInclude>
    <ClInclude Include="src\lib\vtls\vtls_int.h">
      <Filter>includes</Filter>
    </ClInclude>
    <ClInclude Include="src\lib\vtls\wolfssl.h">
      <Filter>includes</Filter>
    </ClInclude>
    <ClInclude Include="src\lib\vtls\x509asn1.h">
      <Filter>includes</Filter>
    </ClInclude>
    <ClInclude Include="src\lib\altsvc.h">
      <Filter>includes</Filter>
    </ClInclude>
    <ClInclude Include="src\lib\amigaos.h">
      <Filter>includes</Filter>
    </ClInclude>
    <ClInclude Include="src\lib\arpa_telnet.h">
      <Filter>includes</Filter>
    </ClInclude>
    <ClInclude Include="src\lib\asyn.h">
      <Filter>includes</Filter>
    </ClInclude>
    <ClInclude Include="src\lib\bufq.h">
      <Filter>includes</Filter>
    </ClInclude>
    <ClInclude Include="src\lib\bufref.h">
      <Filter>includes</Filter>
    </ClInclude>
    <ClInclude Include="src\lib\cf-h1-proxy.h">
      <Filter>includes</Filter>
    </ClInclude>
    <ClInclude Include="src\lib\cf-h2-proxy.h">
      <Filter>includes</Filter>
    </ClInclude>
    <ClInclude Include="src\lib\cf-haproxy.h">
      <Filter>includes</Filter>
    </ClInclude>
    <ClInclude Include="src\lib\cf-https-connect.h">
      <Filter>includes</Filter>
    </ClInclude>
    <ClInclude Include="src\lib\cfilters.h">
      <Filter>includes</Filter>
    </ClInclude>
    <ClInclude Include="src\lib\cf-socket.h">
      <Filter>includes</Filter>
    </ClInclude>
    <ClInclude Include="src\lib\c-hyper.h">
      <Filter>includes</Filter>
    </ClInclude>
    <ClInclude Include="src\lib\config-amigaos.h">
      <Filter>includes</Filter>
    </ClInclude>
    <ClInclude Include="src\lib\config-dos.h">
      <Filter>includes</Filter>
    </ClInclude>
    <ClInclude Include="src\lib\config-mac.h">
      <Filter>includes</Filter>
    </ClInclude>
    <ClInclude Include="src\lib\config-os400.h">
      <Filter>includes</Filter>
    </ClInclude>
    <ClInclude Include="src\lib\config-plan9.h">
      <Filter>includes</Filter>
    </ClInclude>
    <ClInclude Include="src\lib\config-riscos.h">
      <Filter>includes</Filter>
    </ClInclude>
    <ClInclude Include="src\lib\config-win32.h">
      <Filter>includes</Filter>
    </ClInclude>
    <ClInclude Include="src\lib\config-win32ce.h">
      <Filter>includes</Filter>
    </ClInclude>
    <ClInclude Include="src\lib\conncache.h">
      <Filter>includes</Filter>
    </ClInclude>
    <ClInclude Include="src\lib\connect.h">
      <Filter>includes</Filter>
    </ClInclude>
    <ClInclude Include="src\lib\content_encoding.h">
      <Filter>includes</Filter>
    </ClInclude>
    <ClInclude Include="src\lib\cookie.h">
      <Filter>includes</Filter>
    </ClInclude>
    <ClInclude Include="src\lib\curl_addrinfo.h">
      <Filter>includes</Filter>
    </ClInclude>
    <ClInclude Include="src\lib\curl_base64.h">
      <Filter>includes</Filter>
    </ClInclude>
    <ClInclude Include="src\lib\curl_ctype.h">
      <Filter>includes</Filter>
    </ClInclude>
    <ClInclude Include="src\lib\curl_des.h">
      <Filter>includes</Filter>
    </ClInclude>
    <ClInclude Include="src\lib\curl_endian.h">
      <Filter>includes</Filter>
    </ClInclude>
    <ClInclude Include="src\lib\curl_fnmatch.h">
      <Filter>includes</Filter>
    </ClInclude>
    <ClInclude Include="src\lib\curl_get_line.h">
      <Filter>includes</Filter>
    </ClInclude>
    <ClInclude Include="src\lib\curl_gethostname.h">
      <Filter>includes</Filter>
    </ClInclude>
    <ClInclude Include="src\lib\curl_gssapi.h">
      <Filter>includes</Filter>
    </ClInclude>
    <ClInclude Include="src\lib\curl_hmac.h">
      <Filter>includes</Filter>
    </ClInclude>
    <ClInclude Include="src\lib\curl_krb5.h">
      <Filter>includes</Filter>
    </ClInclude>
    <ClInclude Include="src\lib\curl_ldap.h">
      <Filter>includes</Filter>
    </ClInclude>
    <ClInclude Include="src\lib\curl_log.h">
      <Filter>includes</Filter>
    </ClInclude>
    <ClInclude Include="src\lib\curl_md4.h">
      <Filter>includes</Filter>
    </ClInclude>
    <ClInclude Include="src\lib\curl_md5.h">
      <Filter>includes</Filter>
    </ClInclude>
    <ClInclude Include="src\lib\curl_memory.h">
      <Filter>includes</Filter>
    </ClInclude>
    <ClInclude Include="src\lib\curl_memrchr.h">
      <Filter>includes</Filter>
    </ClInclude>
    <ClInclude Include="src\lib\curl_multibyte.h">
      <Filter>includes</Filter>
    </ClInclude>
    <ClInclude Include="src\lib\curl_ntlm_core.h">
      <Filter>includes</Filter>
    </ClInclude>
    <ClInclude Include="src\lib\curl_ntlm_wb.h">
      <Filter>includes</Filter>
    </ClInclude>
    <ClInclude Include="src\lib\curl_path.h">
      <Filter>includes</Filter>
    </ClInclude>
    <ClInclude Include="src\lib\curl_printf.h">
      <Filter>includes</Filter>
    </ClInclude>
    <ClInclude Include="src\lib\curl_range.h">
      <Filter>includes</Filter>
    </ClInclude>
    <ClInclude Include="src\lib\curl_rtmp.h">
      <Filter>includes</Filter>
    </ClInclude>
    <ClInclude Include="src\lib\curl_sasl.h">
      <Filter>includes</Filter>
    </ClInclude>
    <ClInclude Include="src\lib\curl_setup.h">
      <Filter>includes</Filter>
    </ClInclude>
    <ClInclude Include="src\lib\curl_setup_once.h">
      <Filter>includes</Filter>
    </ClInclude>
    <ClInclude Include="src\lib\curl_sha256.h">
      <Filter>includes</Filter>
    </ClInclude>
    <ClInclude Include="src\lib\curl_sspi.h">
      <Filter>includes</Filter>
    </ClInclude>
    <ClInclude Include="src\lib\curl_threads.h">
      <Filter>includes</Filter>
    </ClInclude>
    <ClInclude Include="src\lib\curlx.h">
      <Filter>includes</Filter>
    </ClInclude>
    <ClInclude Include="src\lib\dict.h">
      <Filter>includes</Filter>
    </ClInclude>
    <ClInclude Include="src\lib\doh.h">
      <Filter>includes</Filter>
    </ClInclude>
    <ClInclude Include="src\lib\dynbuf.h">
      <Filter>includes</Filter>
    </ClInclude>
    <ClInclude Include="src\lib\dynhds.h">
      <Filter>includes</Filter>
    </ClInclude>
    <ClInclude Include="src\lib\easy_lock.h">
      <Filter>includes</Filter>
    </ClInclude>
    <ClInclude Include="src\lib\easyif.h">
      <Filter>includes</Filter>
    </ClInclude>
    <ClInclude Include="src\lib\easyoptions.h">
      <Filter>includes</Filter>
    </ClInclude>
    <ClInclude Include="src\lib\escape.h">
      <Filter>includes</Filter>
    </ClInclude>
    <ClInclude Include="src\lib\file.h">
      <Filter>includes</Filter>
    </ClInclude>
    <ClInclude Include="src\lib\fileinfo.h">
      <Filter>includes</Filter>
    </ClInclude>
    <ClInclude Include="src\lib\fopen.h">
      <Filter>includes</Filter>
    </ClInclude>
    <ClInclude Include="src\lib\formdata.h">
      <Filter>includes</Filter>
    </ClInclude>
    <ClInclude Include="src\lib\ftp.h">
      <Filter>includes</Filter>
    </ClInclude>
    <ClInclude Include="src\lib\ftplistparser.h">
      <Filter>includes</Filter>
    </ClInclude>
    <ClInclude Include="src\lib\functypes.h">
      <Filter>includes</Filter>
    </ClInclude>
    <ClInclude Include="src\lib\getinfo.h">
      <Filter>includes</Filter>
    </ClInclude>
    <ClInclude Include="src\lib\gopher.h">
      <Filter>includes</Filter>
    </ClInclude>
    <ClInclude Include="src\lib\hash.h">
      <Filter>includes</Filter>
    </ClInclude>
    <ClInclude Include="src\lib\headers.h">
      <Filter>includes</Filter>
    </ClInclude>
    <ClInclude Include="src\lib\hostip.h">
      <Filter>includes</Filter>
    </ClInclude>
    <ClInclude Include="src\lib\hsts.h">
      <Filter>includes</Filter>
    </ClInclude>
    <ClInclude Include="src\lib\http.h">
      <Filter>includes</Filter>
    </ClInclude>
    <ClInclude Include="src\lib\http_aws_sigv4.h">
      <Filter>includes</Filter>
    </ClInclude>
    <ClInclude Include="src\lib\http_chunks.h">
      <Filter>includes</Filter>
    </ClInclude>
    <ClInclude Include="src\lib\http_digest.h">
      <Filter>includes</Filter>
    </ClInclude>
    <ClInclude Include="src\lib\http_negotiate.h">
      <Filter>includes</Filter>
    </ClInclude>
    <ClInclude Include="src\lib\http_ntlm.h">
      <Filter>includes</Filter>
    </ClInclude>
    <ClInclude Include="src\lib\http_proxy.h">
      <Filter>includes</Filter>
    </ClInclude>
    <ClInclude Include="src\lib\http1.h">
      <Filter>includes</Filter>
    </ClInclude>
    <ClInclude Include="src\lib\http2.h">
      <Filter>includes</Filter>
    </ClInclude>
    <ClInclude Include="src\lib\idn.h">
      <Filter>includes</Filter>
    </ClInclude>
    <ClInclude Include="src\lib\if2ip.h">
      <Filter>includes</Filter>
    </ClInclude>
    <ClInclude Include="src\lib\imap.h">
      <Filter>includes</Filter>
    </ClInclude>
    <ClInclude Include="src\lib\inet_ntop.h">
      <Filter>includes</Filter>
    </ClInclude>
    <ClInclude Include="src\lib\inet_pton.h">
      <Filter>includes</Filter>
    </ClInclude>
    <ClInclude Include="src\lib\llist.h">
      <Filter>includes</Filter>
    </ClInclude>
    <ClInclude Include="src\lib\memdebug.h">
      <Filter>includes</Filter>
    </ClInclude>
    <ClInclude Include="src\lib\mime.h">
      <Filter>includes</Filter>
    </ClInclude>
    <ClInclude Include="src\lib\mqtt.h">
      <Filter>includes</Filter>
    </ClInclude>
    <ClInclude Include="src\lib\multihandle.h">
      <Filter>includes</Filter>
    </ClInclude>
    <ClInclude Include="src\lib\multiif.h">
      <Filter>includes</Filter>
    </ClInclude>
    <ClInclude Include="src\lib\netrc.h">
      <Filter>includes</Filter>
    </ClInclude>
    <ClInclude Include="src\lib\nonblock.h">
      <Filter>includes</Filter>
    </ClInclude>
    <ClInclude Include="src\lib\noproxy.h">
      <Filter>includes</Filter>
    </ClInclude>
    <ClInclude Include="src\lib\parsedate.h">
      <Filter>includes</Filter>
    </ClInclude>
    <ClInclude Include="src\lib\pingpong.h">
      <Filter>includes</Filter>
    </ClInclude>
    <ClInclude Include="src\lib\pop3.h">
      <Filter>includes</Filter>
    </ClInclude>
    <ClInclude Include="src\lib\progress.h">
      <Filter>includes</Filter>
    </ClInclude>
    <ClInclude Include="src\lib\psl.h">
      <Filter>includes</Filter>
    </ClInclude>
    <ClInclude Include="src\lib\rand.h">
      <Filter>includes</Filter>
    </ClInclude>
    <ClInclude Include="src\lib\rename.h">
      <Filter>includes</Filter>
    </ClInclude>
    <ClInclude Include="src\lib\rtsp.h">
      <Filter>includes</Filter>
    </ClInclude>
    <ClInclude Include="src\lib\select.h">
      <Filter>includes</Filter>
    </ClInclude>
    <ClInclude Include="src\lib\sendf.h">
      <Filter>includes</Filter>
    </ClInclude>
    <ClInclude Include="src\lib\setopt.h">
      <Filter>includes</Filter>
    </ClInclude>
    <ClInclude Include="src\lib\setup-os400.h">
      <Filter>includes</Filter>
    </ClInclude>
    <ClInclude Include="src\lib\setup-vms.h">
      <Filter>includes</Filter>
    </ClInclude>
    <ClInclude Include="src\lib\setup-win32.h">
      <Filter>includes</Filter>
    </ClInclude>
    <ClInclude Include="src\lib\share.h">
      <Filter>includes</Filter>
    </ClInclude>
    <ClInclude Include="src\lib\sigpipe.h">
      <Filter>includes</Filter>
    </ClInclude>
    <ClInclude Include="src\lib\slist.h">
      <Filter>includes</Filter>
    </ClInclude>
    <ClInclude Include="src\lib\smb.h">
      <Filter>includes</Filter>
    </ClInclude>
    <ClInclude Include="src\lib\smtp.h">
      <Filter>includes</Filter>
    </ClInclude>
    <ClInclude Include="src\lib\sockaddr.h">
      <Filter>includes</Filter>
    </ClInclude>
    <ClInclude Include="src\lib\socketpair.h">
      <Filter>includes</Filter>
    </ClInclude>
    <ClInclude Include="src\lib\socks.h">
      <Filter>includes</Filter>
    </ClInclude>
    <ClInclude Include="src\lib\speedcheck.h">
      <Filter>includes</Filter>
    </ClInclude>
    <ClInclude Include="src\lib\splay.h">
      <Filter>includes</Filter>
    </ClInclude>
    <ClInclude Include="src\lib\strcase.h">
      <Filter>includes</Filter>
    </ClInclude>
    <ClInclude Include="src\lib\strdup.h">
      <Filter>includes</Filter>
    </ClInclude>
    <ClInclude Include="src\lib\strerror.h">
      <Filter>includes</Filter>
    </ClInclude>
    <ClInclude Include="src\lib\strtok.h">
      <Filter>includes</Filter>
    </ClInclude>
    <ClInclude Include="src\lib\strtoofft.h">
      <Filter>includes</Filter>
    </ClInclude>
    <ClInclude Include="src\lib\system_win32.h">
      <Filter>includes</Filter>
    </ClInclude>
    <ClInclude Include="src\lib\telnet.h">
      <Filter>includes</Filter>
    </ClInclude>
    <ClInclude Include="src\lib\tftp.h">
      <Filter>includes</Filter>
    </ClInclude>
    <ClInclude Include="src\lib\timediff.h">
      <Filter>includes</Filter>
    </ClInclude>
    <ClInclude Include="src\lib\timeval.h">
      <Filter>includes</Filter>
    </ClInclude>
    <ClInclude Include="src\lib\transfer.h">
      <Filter>includes</Filter>
    </ClInclude>
    <ClInclude Include="src\lib\url.h">
      <Filter>includes</Filter>
    </ClInclude>
    <ClInclude Include="src\lib\urlapi-int.h">
      <Filter>includes</Filter>
    </ClInclude>
    <ClInclude Include="src\lib\urldata.h">
      <Filter>includes</Filter>
    </ClInclude>
    <ClInclude Include="src\lib\version_win32.h">
      <Filter>includes</Filter>
    </ClInclude>
    <ClInclude Include="src\lib\warnless.h">
      <Filter>includes</Filter>
    </ClInclude>
    <ClInclude Include="src\lib\ws.h">
      <Filter>includes</Filter>
    </ClInclude>
    <ClInclude Include="src\curl.hpp">
      <Filter>includes</Filter>
    </ClInclude>
    <ClInclude Include="includes\httplib.h">
      <Filter>includes</Filter>
    </ClInclude>
  </ItemGroup>
</Project>