<?xml version="1.0" encoding="utf-8"?>
<Project ToolsVersion="4.0" xmlns="http://schemas.microsoft.com/developer/msbuild/2003">
  <ItemGroup>
    <Filter Include="src">
      <UniqueIdentifier>{4FC737F1-C7A5-4376-A066-2A32D752A2FF}</UniqueIdentifier>
      <Extensions>cpp;c;cc;cxx;c++;cppm;ixx;def;odl;idl;hpj;bat;asm;asmx</Extensions>
    </Filter>
    <Filter Include="includes">
      <UniqueIdentifier>{93995380-89BD-4b04-88EB-625FBE52EBFB}</UniqueIdentifier>
      <Extensions>h;hh;hpp;hxx;h++;hm;inl;inc;ipp;xsd</Extensions>
    </Filter>
  </ItemGroup>
  <ItemGroup>
    <ClCompile Include="src\slist_wc.c">
      <Filter>src</Filter>
    </ClCompile>
    <ClCompile Include="src\tool_binmode.c">
      <Filter>src</Filter>
    </ClCompile>
    <ClCompile Include="src\tool_bname.c">
      <Filter>src</Filter>
    </ClCompile>
    <ClCompile Include="src\tool_cb_dbg.c">
      <Filter>src</Filter>
    </ClCompile>
    <ClCompile Include="src\tool_cb_hdr.c">
      <Filter>src</Filter>
    </ClCompile>
    <ClCompile Include="src\tool_cb_prg.c">
      <Filter>src</Filter>
    </ClCompile>
    <ClCompile Include="src\tool_cb_rea.c">
      <Filter>src</Filter>
    </ClCompile>
    <ClCompile Include="src\tool_cb_see.c">
      <Filter>src</Filter>
    </ClCompile>
    <ClCompile Include="src\tool_cb_wrt.c">
      <Filter>src</Filter>
    </ClCompile>
    <ClCompile Include="src\tool_cfgable.c">
      <Filter>src</Filter>
    </ClCompile>
    <ClCompile Include="src\tool_dirhie.c">
      <Filter>src</Filter>
    </ClCompile>
    <ClCompile Include="src\tool_doswin.c">
      <Filter>src</Filter>
    </ClCompile>
    <ClCompile Include="src\tool_easysrc.c">
      <Filter>src</Filter>
    </ClCompile>
    <ClCompile Include="src\tool_filetime.c">
      <Filter>src</Filter>
    </ClCompile>
    <ClCompile Include="src\tool_findfile.c">
      <Filter>src</Filter>
    </ClCompile>
    <ClCompile Include="src\tool_formparse.c">
      <Filter>src</Filter>
    </ClCompile>
    <ClCompile Include="src\tool_getparam.c">
      <Filter>src</Filter>
    </ClCompile>
    <ClCompile Include="src\tool_getpass.c">
      <Filter>src</Filter>
    </ClCompile>
    <ClCompile Include="src\tool_help.c">
      <Filter>src</Filter>
    </ClCompile>
    <ClCompile Include="src\tool_helpers.c">
      <Filter>src</Filter>
    </ClCompile>
    <ClCompile Include="src\tool_libinfo.c">
      <Filter>src</Filter>
    </ClCompile>
    <ClCompile Include="src\tool_listhelp.c">
      <Filter>src</Filter>
    </ClCompile>
    <ClCompile Include="src\tool_main.c">
      <Filter>src</Filter>
    </ClCompile>
    <ClCompile Include="src\tool_msgs.c">
      <Filter>src</Filter>
    </ClCompile>
    <ClCompile Include="src\tool_operate.c">
      <Filter>src</Filter>
    </ClCompile>
    <ClCompile Include="src\tool_operhlp.c">
      <Filter>src</Filter>
    </ClCompile>
    <ClCompile Include="src\tool_paramhlp.c">
      <Filter>src</Filter>
    </ClCompile>
    <ClCompile Include="src\tool_parsecfg.c">
      <Filter>src</Filter>
    </ClCompile>
    <ClCompile Include="src\tool_progress.c">
      <Filter>src</Filter>
    </ClCompile>
    <ClCompile Include="src\tool_setopt.c">
      <Filter>src</Filter>
    </ClCompile>
    <ClCompile Include="src\tool_sleep.c">
      <Filter>src</Filter>
    </ClCompile>
    <ClCompile Include="src\tool_stderr.c">
      <Filter>src</Filter>
    </ClCompile>
    <ClCompile Include="src\tool_strdup.c">
      <Filter>src</Filter>
    </ClCompile>
    <ClCompile Include="src\tool_urlglob.c">
      <Filter>src</Filter>
    </ClCompile>
    <ClCompile Include="src\tool_util.c">
      <Filter>src</Filter>
    </ClCompile>
    <ClCompile Include="src\tool_vms.c">
      <Filter>src</Filter>
    </ClCompile>
    <ClCompile Include="src\tool_writeout.c">
      <Filter>src</Filter>
    </ClCompile>
    <ClCompile Include="src\tool_writeout_json.c">
      <Filter>src</Filter>
    </ClCompile>
    <ClCompile Include="src\tool_xattr.c">
      <Filter>src</Filter>
    </ClCompile>
    <ClCompile Include="src\lib\vauth\cleartext.c">
      <Filter>src</Filter>
    </ClCompile>
    <ClCompile Include="src\lib\vauth\cram.c">
      <Filter>src</Filter>
    </ClCompile>
    <ClCompile Include="src\lib\vauth\digest.c">
      <Filter>src</Filter>
    </ClCompile>
    <ClCompile Include="src\lib\vauth\digest_sspi.c">
      <Filter>src</Filter>
    </ClCompile>
    <ClCompile Include="src\lib\vauth\gsasl.c">
      <Filter>src</Filter>
    </ClCompile>
    <ClCompile Include="src\lib\vauth\krb5_gssapi.c">
      <Filter>src</Filter>
    </ClCompile>
    <ClCompile Include="src\lib\vauth\krb5_sspi.c">
      <Filter>src</Filter>
    </ClCompile>
    <ClCompile Include="src\lib\vauth\ntlm.c">
      <Filter>src</Filter>
    </ClCompile>
    <ClCompile Include="src\lib\vauth\ntlm_sspi.c">
      <Filter>src</Filter>
    </ClCompile>
    <ClCompile Include="src\lib\vauth\oauth2.c">
      <Filter>src</Filter>
    </ClCompile>
    <ClCompile Include="src\lib\vauth\spnego_gssapi.c">
      <Filter>src</Filter>
    </ClCompile>
    <ClCompile Include="src\lib\vauth\spnego_sspi.c">
      <Filter>src</Filter>
    </ClCompile>
    <ClCompile Include="src\lib\vauth\vauth.c">
      <Filter>src</Filter>
    </ClCompile>
    <ClCompile Include="src\lib\vquic\curl_msh3.c">
      <Filter>src</Filter>
    </ClCompile>
    <ClCompile Include="src\lib\vquic\curl_ngtcp2.c">
      <Filter>src</Filter>
    </ClCompile>
    <ClCompile Include="src\lib\vquic\curl_quiche.c">
      <Filter>src</Filter>
    </ClCompile>
    <ClCompile Include="src\lib\vquic\vquic.c">
      <Filter>src</Filter>
    </ClCompile>
    <ClCompile Include="src\lib\vssh\libssh.c">
      <Filter>src</Filter>
    </ClCompile>
    <ClCompile Include="src\lib\vssh\libssh2.c">
      <Filter>src</Filter>
    </ClCompile>
    <ClCompile Include="src\lib\vssh\wolfssh.c">
      <Filter>src</Filter>
    </ClCompile>
    <ClCompile Include="src\lib\vtls\bearssl.c">
      <Filter>src</Filter>
    </ClCompile>
    <ClCompile Include="src\lib\vtls\gskit.c">
      <Filter>src</Filter>
    </ClCompile>
    <ClCompile Include="src\lib\vtls\gtls.c">
      <Filter>src</Filter>
    </ClCompile>
    <ClCompile Include="src\lib\vtls\hostcheck.c">
      <Filter>src</Filter>
    </ClCompile>
    <ClCompile Include="src\lib\vtls\keylog.c">
      <Filter>src</Filter>
    </ClCompile>
    <ClCompile Include="src\lib\vtls\mbedtls.c">
      <Filter>src</Filter>
    </ClCompile>
    <ClCompile Include="src\lib\vtls\mbedtls_threadlock.c">
      <Filter>src</Filter>
    </ClCompile>
    <ClCompile Include="src\lib\vtls\nss.c">
      <Filter>src</Filter>
    </ClCompile>
    <ClCompile Include="src\lib\vtls\openssl.c">
      <Filter>src</Filter>
    </ClCompile>
    <ClCompile Include="src\lib\vtls\rustls.c">
      <Filter>src</Filter>
    </ClCompile>
    <ClCompile Include="src\lib\vtls\schannel.c">
      <Filter>src</Filter>
    </ClCompile>
    <ClCompile Include="src\lib\vtls\schannel_verify.c">
      <Filter>src</Filter>
    </ClCompile>
    <ClCompile Include="src\lib\vtls\sectransp.c">
      <Filter>src</Filter>
    </ClCompile>
    <ClCompile Include="src\lib\vtls\vtls.c">
      <Filter>src</Filter>
    </ClCompile>
    <ClCompile Include="src\lib\vtls\wolfssl.c">
      <Filter>src</Filter>
    </ClCompile>
    <ClCompile Include="src\lib\vtls\x509asn1.c">
      <Filter>src</Filter>
    </ClCompile>
    <ClCompile Include="src\lib\altsvc.c">
      <Filter>src</Filter>
    </ClCompile>
    <ClCompile Include="src\lib\amigaos.c">
      <Filter>src</Filter>
    </ClCompile>
    <ClCompile Include="src\lib\asyn-ares.c">
      <Filter>src</Filter>
    </ClCompile>
    <ClCompile Include="src\lib\asyn-thread.c">
      <Filter>src</Filter>
    </ClCompile>
    <ClCompile Include="src\lib\base64.c">
      <Filter>src</Filter>
    </ClCompile>
    <ClCompile Include="src\lib\bufq.c">
      <Filter>src</Filter>
    </ClCompile>
    <ClCompile Include="src\lib\bufref.c">
      <Filter>src</Filter>
    </ClCompile>
    <ClCompile Include="src\lib\cf-h1-proxy.c">
      <Filter>src</Filter>
    </ClCompile>
    <ClCompile Include="src\lib\cf-h2-proxy.c">
      <Filter>src</Filter>
    </ClCompile>
    <ClCompile Include="src\lib\cf-haproxy.c">
      <Filter>src</Filter>
    </ClCompile>
    <ClCompile Include="src\lib\cf-https-connect.c">
      <Filter>src</Filter>
    </ClCompile>
    <ClCompile Include="src\lib\cfilters.c">
      <Filter>src</Filter>
    </ClCompile>
    <ClCompile Include="src\lib\cf-socket.c">
      <Filter>src</Filter>
    </ClCompile>
    <ClCompile Include="src\lib\c-hyper.c">
      <Filter>src</Filter>
    </ClCompile>
    <ClCompile Include="src\lib\conncache.c">
      <Filter>src</Filter>
    </ClCompile>
    <ClCompile Include="src\lib\connect.c">
      <Filter>src</Filter>
    </ClCompile>
    <ClCompile Include="src\lib\content_encoding.c">
      <Filter>src</Filter>
    </ClCompile>
    <ClCompile Include="src\lib\cookie.c">
      <Filter>src</Filter>
    </ClCompile>
    <ClCompile Include="src\lib\curl_addrinfo.c">
      <Filter>src</Filter>
    </ClCompile>
    <ClCompile Include="src\lib\curl_des.c">
      <Filter>src</Filter>
    </ClCompile>
    <ClCompile Include="src\lib\curl_endian.c">
      <Filter>src</Filter>
    </ClCompile>
    <ClCompile Include="src\lib\curl_fnmatch.c">
      <Filter>src</Filter>
    </ClCompile>
    <ClCompile Include="src\lib\curl_get_line.c">
      <Filter>src</Filter>
    </ClCompile>
    <ClCompile Include="src\lib\curl_gethostname.c">
      <Filter>src</Filter>
    </ClCompile>
    <ClCompile Include="src\lib\curl_gssapi.c">
      <Filter>src</Filter>
    </ClCompile>
    <ClCompile Include="src\lib\curl_log.c">
      <Filter>src</Filter>
    </ClCompile>
    <ClCompile Include="src\lib\curl_memrchr.c">
      <Filter>src</Filter>
    </ClCompile>
    <ClCompile Include="src\lib\curl_multibyte.c">
      <Filter>src</Filter>
    </ClCompile>
    <ClCompile Include="src\lib\curl_ntlm_core.c">
      <Filter>src</Filter>
    </ClCompile>
    <ClCompile Include="src\lib\curl_ntlm_wb.c">
      <Filter>src</Filter>
    </ClCompile>
    <ClCompile Include="src\lib\curl_path.c">
      <Filter>src</Filter>
    </ClCompile>
    <ClCompile Include="src\lib\curl_range.c">
      <Filter>src</Filter>
    </ClCompile>
    <ClCompile Include="src\lib\curl_rtmp.c">
      <Filter>src</Filter>
    </ClCompile>
    <ClCompile Include="src\lib\curl_sasl.c">
      <Filter>src</Filter>
    </ClCompile>
    <ClCompile Include="src\lib\curl_sspi.c">
      <Filter>src</Filter>
    </ClCompile>
    <ClCompile Include="src\lib\curl_threads.c">
      <Filter>src</Filter>
    </ClCompile>
    <ClCompile Include="src\lib\dict.c">
      <Filter>src</Filter>
    </ClCompile>
    <ClCompile Include="src\lib\doh.c">
      <Filter>src</Filter>
    </ClCompile>
    <ClCompile Include="src\lib\dynbuf.c">
      <Filter>src</Filter>
    </ClCompile>
    <ClCompile Include="src\lib\dynhds.c">
      <Filter>src</Filter>
    </ClCompile>
    <ClCompile Include="src\lib\easy.c">
      <Filter>src</Filter>
    </ClCompile>
    <ClCompile Include="src\lib\easygetopt.c">
      <Filter>src</Filter>
    </ClCompile>
    <ClCompile Include="src\lib\easyoptions.c">
      <Filter>src</Filter>
    </ClCompile>
    <ClCompile Include="src\lib\escape.c">
      <Filter>src</Filter>
    </ClCompile>
    <ClCompile Include="src\lib\file.c">
      <Filter>src</Filter>
    </ClCompile>
    <ClCompile Include="src\lib\fileinfo.c">
      <Filter>src</Filter>
    </ClCompile>
    <ClCompile Include="src\lib\fopen.c">
      <Filter>src</Filter>
    </ClCompile>
    <ClCompile Include="src\lib\formdata.c">
      <Filter>src</Filter>
    </ClCompile>
    <ClCompile Include="src\lib\ftp.c">
      <Filter>src</Filter>
    </ClCompile>
    <ClCompile Include="src\lib\ftplistparser.c">
      <Filter>src</Filter>
    </ClCompile>
    <ClCompile Include="src\lib\getenv.c">
      <Filter>src</Filter>
    </ClCompile>
    <ClCompile Include="src\lib\getinfo.c">
      <Filter>src</Filter>
    </ClCompile>
    <ClCompile Include="src\lib\gopher.c">
      <Filter>src</Filter>
    </ClCompile>
    <ClCompile Include="src\lib\hash.c">
      <Filter>src</Filter>
    </ClCompile>
    <ClCompile Include="src\lib\headers.c">
      <Filter>src</Filter>
    </ClCompile>
    <ClCompile Include="src\lib\hmac.c">
      <Filter>src</Filter>
    </ClCompile>
    <ClCompile Include="src\lib\hostasyn.c">
      <Filter>src</Filter>
    </ClCompile>
    <ClCompile Include="src\lib\hostip.c">
      <Filter>src</Filter>
    </ClCompile>
    <ClCompile Include="src\lib\hostip4.c">
      <Filter>src</Filter>
    </ClCompile>
    <ClCompile Include="src\lib\hostip6.c">
      <Filter>src</Filter>
    </ClCompile>
    <ClCompile Include="src\lib\hostsyn.c">
      <Filter>src</Filter>
    </ClCompile>
    <ClCompile Include="src\lib\hsts.c">
      <Filter>src</Filter>
    </ClCompile>
    <ClCompile Include="src\lib\http.c">
      <Filter>src</Filter>
    </ClCompile>
    <ClCompile Include="src\lib\http_aws_sigv4.c">
      <Filter>src</Filter>
    </ClCompile>
    <ClCompile Include="src\lib\http_chunks.c">
      <Filter>src</Filter>
    </ClCompile>
    <ClCompile Include="src\lib\http_digest.c">
      <Filter>src</Filter>
    </ClCompile>
    <ClCompile Include="src\lib\http_negotiate.c">
      <Filter>src</Filter>
    </ClCompile>
    <ClCompile Include="src\lib\http_ntlm.c">
      <Filter>src</Filter>
    </ClCompile>
    <ClCompile Include="src\lib\http_proxy.c">
      <Filter>src</Filter>
    </ClCompile>
    <ClCompile Include="src\lib\http1.c">
      <Filter>src</Filter>
    </ClCompile>
    <ClCompile Include="src\lib\http2.c">
      <Filter>src</Filter>
    </ClCompile>
    <ClCompile Include="src\lib\idn.c">
      <Filter>src</Filter>
    </ClCompile>
    <ClCompile Include="src\lib\if2ip.c">
      <Filter>src</Filter>
    </ClCompile>
    <ClCompile Include="src\lib\imap.c">
      <Filter>src</Filter>
    </ClCompile>
    <ClCompile Include="src\lib\inet_ntop.c">
      <Filter>src</Filter>
    </ClCompile>
    <ClCompile Include="src\lib\inet_pton.c">
      <Filter>src</Filter>
    </ClCompile>
    <ClCompile Include="src\lib\krb5.c">
      <Filter>src</Filter>
    </ClCompile>
    <ClCompile Include="src\lib\ldap.c">
      <Filter>src</Filter>
    </ClCompile>
    <ClCompile Include="src\lib\llist.c">
      <Filter>src</Filter>
    </ClCompile>
    <ClCompile Include="src\lib\md4.c">
      <Filter>src</Filter>
    </ClCompile>
    <ClCompile Include="src\lib\md5.c">
      <Filter>src</Filter>
    </ClCompile>
    <ClCompile Include="src\lib\memdebug.c">
      <Filter>src</Filter>
    </ClCompile>
    <ClCompile Include="src\lib\mime.c">
      <Filter>src</Filter>
    </ClCompile>
    <ClCompile Include="src\lib\mprintf.c">
      <Filter>src</Filter>
    </ClCompile>
    <ClCompile Include="src\lib\mqtt.c">
      <Filter>src</Filter>
    </ClCompile>
    <ClCompile Include="src\lib\multi.c">
      <Filter>src</Filter>
    </ClCompile>
    <ClCompile Include="src\lib\netrc.c">
      <Filter>src</Filter>
    </ClCompile>
    <ClCompile Include="src\lib\nonblock.c">
      <Filter>src</Filter>
    </ClCompile>
    <ClCompile Include="src\lib\noproxy.c">
      <Filter>src</Filter>
    </ClCompile>
    <ClCompile Include="src\lib\openldap.c">
      <Filter>src</Filter>
    </ClCompile>
    <ClCompile Include="src\lib\parsedate.c">
      <Filter>src</Filter>
    </ClCompile>
    <ClCompile Include="src\lib\pingpong.c">
      <Filter>src</Filter>
    </ClCompile>
    <ClCompile Include="src\lib\pop3.c">
      <Filter>src</Filter>
    </ClCompile>
    <ClCompile Include="src\lib\progress.c">
      <Filter>src</Filter>
    </ClCompile>
    <ClCompile Include="src\lib\psl.c">
      <Filter>src</Filter>
    </ClCompile>
    <ClCompile Include="src\lib\rand.c">
      <Filter>src</Filter>
    </ClCompile>
    <ClCompile Include="src\lib\rename.c">
      <Filter>src</Filter>
    </ClCompile>
    <ClCompile Include="src\lib\rtsp.c">
      <Filter>src</Filter>
    </ClCompile>
    <ClCompile Include="src\lib\select.c">
      <Filter>src</Filter>
    </ClCompile>
    <ClCompile Include="src\lib\sendf.c">
      <Filter>src</Filter>
    </ClCompile>
    <ClCompile Include="src\lib\setopt.c">
      <Filter>src</Filter>
    </ClCompile>
    <ClCompile Include="src\lib\sha256.c">
      <Filter>src</Filter>
    </ClCompile>
    <ClCompile Include="src\lib\share.c">
      <Filter>src</Filter>
    </ClCompile>
    <ClCompile Include="src\lib\slist.c">
      <Filter>src</Filter>
    </ClCompile>
    <ClCompile Include="src\lib\smb.c">
      <Filter>src</Filter>
    </ClCompile>
    <ClCompile Include="src\lib\smtp.c">
      <Filter>src</Filter>
    </ClCompile>
    <ClCompile Include="src\lib\socketpair.c">
      <Filter>src</Filter>
    </ClCompile>
    <ClCompile Include="src\lib\socks.c">
      <Filter>src</Filter>
    </ClCompile>
    <ClCompile Include="src\lib\socks_gssapi.c">
      <Filter>src</Filter>
    </ClCompile>
    <ClCompile Include="src\lib\socks_sspi.c">
      <Filter>src</Filter>
    </ClCompile>
    <ClCompile Include="src\lib\speedcheck.c">
      <Filter>src</Filter>
    </ClCompile>
    <ClCompile Include="src\lib\splay.c">
      <Filter>src</Filter>
    </ClCompile>
    <ClCompile Include="src\lib\strcase.c">
      <Filter>src</Filter>
    </ClCompile>
    <ClCompile Include="src\lib\strdup.c">
      <Filter>src</Filter>
    </ClCompile>
    <ClCompile Include="src\lib\strerror.c">
      <Filter>src</Filter>
    </ClCompile>
    <ClCompile Include="src\lib\strtok.c">
      <Filter>src</Filter>
    </ClCompile>
    <ClCompile Include="src\lib\strtoofft.c">
      <Filter>src</Filter>
    </ClCompile>
    <ClCompile Include="src\lib\system_win32.c">
      <Filter>src</Filter>
    </ClCompile>
    <ClCompile Include="src\lib\telnet.c">
      <Filter>src</Filter>
    </ClCompile>
    <ClCompile Include="src\lib\tftp.c">
      <Filter>src</Filter>
    </ClCompile>
    <ClCompile Include="src\lib\timediff.c">
      <Filter>src</Filter>
    </ClCompile>
    <ClCompile Include="src\lib\timeval.c">
      <Filter>src</Filter>
    </ClCompile>
    <ClCompile Include="src\lib\transfer.c">
      <Filter>src</Filter>
    </ClCompile>
    <ClCompile Include="src\lib\url.c">
      <Filter>src</Filter>
    </ClCompile>
    <ClCompile Include="src\lib\urlapi.c">
      <Filter>src</Filter>
    </ClCompile>
    <ClCompile Include="src\lib\version.c">
      <Filter>src</Filter>
    </ClCompile>
    <ClCompile Include="src\lib\version_win32.c">
      <Filter>src</Filter>
    </ClCompile>
    <ClCompile Include="src\lib\warnless.c">
      <Filter>src</Filter>
    </ClCompile>
    <ClCompile Include="src\lib\ws.c">
      <Filter>src</Filter>
    </ClCompile>
  </ItemGroup>
  <ItemGroup>
    <ClInclude Include="includes\common.hpp">
      <Filter>includes</Filter>
    </ClInclude>
    <ClInclude Include="includes\curl\curl.h">
      <Filter>includes</Filter>
    </ClInclude>
    <ClInclude Include="includes\curl\curlver.h">
      <Filter>includes</Filter>
    </ClInclude>
    <ClInclude Include="includes\curl\easy.h">
      <Filter>includes</Filter>
    </ClInclude>
    <ClInclude Include="includes\curl\header.h">
      <Filter>includes</Filter>
    </ClInclude>
    <ClInclude Include="includes\curl\mprintf.h">
      <Filter>includes</Filter>
    </ClInclude>
    <ClInclude Include="includes\curl\multi.h">
      <Filter>includes</Filter>
    </ClInclude>
    <ClInclude Include="includes\curl\options.h">
      <Filter>includes</Filter>
    </ClInclude>
    <ClInclude Include="includes\curl\stdcheaders.h">
      <Filter>includes</Filter>
    </ClInclude>
    <ClInclude Include="includes\curl\system.h">
      <Filter>includes</Filter>
    </ClInclude>
    <ClInclude Include="includes\curl\typecheck-gcc.h">
      <Filter>includes</Filter>
    </ClInclude>
    <ClInclude Include="includes\curl\urlapi.h">
      <Filter>includes</Filter>
    </ClInclude>
    <ClInclude Include="includes\curl\websockets.h">
      <Filter>includes</Filter>
    </ClInclude>
    <ClInclude Include="src\slist_wc.h">
      <Filter>includes</Filter>
    </ClInclude>
    <ClInclude Include="src\tool_binmode.h">
      <Filter>includes</Filter>
    </ClInclude>
    <ClInclude Include="src\tool_bname.h">
      <Filter>includes</Filter>
    </ClInclude>
    <ClInclude Include="src\tool_cb_dbg.h">
      <Filter>includes</Filter>
    </ClInclude>
    <ClInclude Include="src\tool_cb_hdr.h">
      <Filter>includes</Filter>
    </ClInclude>
    <ClInclude Include="src\tool_cb_prg.h">
      <Filter>includes</Filter>
    </ClInclude>
    <ClInclude Include="src\tool_cb_rea.h">
      <Filter>includes</Filter>
    </ClInclude>
    <ClInclude Include="src\tool_cb_see.h">
      <Filter>includes</Filter>
    </ClInclude>
    <ClInclude Include="src\tool_cb_wrt.h">
      <Filter>includes</Filter>
    </ClInclude>
    <ClInclude Include="src\tool_cfgable.h">
      <Filter>includes</Filter>
    </ClInclude>
    <ClInclude Include="src\tool_dirhie.h">
      <Filter>includes</Filter>
    </ClInclude>
    <ClInclude Include="src\tool_doswin.h">
      <Filter>includes</Filter>
    </ClInclude>
    <ClInclude Include="src\tool_easysrc.h">
      <Filter>includes</Filter>
    </ClInclude>
    <ClInclude Include="src\tool_filetime.h">
      <Filter>includes</Filter>
    </ClInclude>
    <ClInclude Include="src\tool_findfile.h">
      <Filter>includes</Filter>
    </ClInclude>
    <ClInclude Include="src\tool_formparse.h">
      <Filter>includes</Filter>
    </ClInclude>
    <ClInclude Include="src\tool_getparam.h">
      <Filter>includes</Filter>
    </ClInclude>
    <ClInclude Include="src\tool_getpass.h">
      <Filter>includes</Filter>
    </ClInclude>
    <ClInclude Include="src\tool_help.h">
      <Filter>includes</Filter>
    </ClInclude>
    <ClInclude Include="src\tool_helpers.h">
      <Filter>includes</Filter>
    </ClInclude>
    <ClInclude Include="src\tool_hugehelp.h">
      <Filter>includes</Filter>
    </ClInclude>
    <ClInclude Include="src\tool_libinfo.h">
      <Filter>includes</Filter>
    </ClInclude>
    <ClInclude Include="src\tool_main.h">
      <Filter>includes</Filter>
    </ClInclude>
    <ClInclude Include="src\tool_msgs.h">
      <Filter>includes</Filter>
    </ClInclude>
    <ClInclude Include="src\tool_operate.h">
      <Filter>includes</Filter>
    </ClInclude>
    <ClInclude Include="src\tool_operhlp.h">
      <Filter>includes</Filter>
    </ClInclude>
    <ClInclude Include="src\tool_paramhlp.h">
      <Filter>includes</Filter>
    </ClInclude>
    <ClInclude Include="src\tool_parsecfg.h">
      <Filter>includes</Filter>
    </ClInclude>
    <ClInclude Include="src\tool_progress.h">
      <Filter>includes</Filter>
    </ClInclude>
    <ClInclude Include="src\tool_sdecls.h">
      <Filter>includes</Filter>
    </ClInclude>
    <ClInclude Include="src\tool_setopt.h">
      <Filter>includes</Filter>
    </ClInclude>
    <ClInclude Include="src\tool_setup.h">
      <Filter>includes</Filter>
    </ClInclude>
    <ClInclude Include="src\tool_sleep.h">
      <Filter>includes</Filter>
    </ClInclude>
    <ClInclude Include="src\tool_stderr.h">
      <Filter>includes</Filter>
    </ClInclude>
    <ClInclude Include="src\tool_strdup.h">
      <Filter>includes</Filter>
    </ClInclude>
    <ClInclude Include="src\tool_urlglob.h">
      <Filter>includes</Filter>
    </ClInclude>
    <ClInclude Include="src\tool_util.h">
      <Filter>includes</Filter>
    </ClInclude>
    <ClInclude Include="src\tool_version.h">
      <Filter>includes</Filter>
    </ClInclude>
    <ClInclude Include="src\tool_vms.h">
      <Filter>includes</Filter>
    </ClInclude>
    <ClInclude Include="src\tool_writeout.h">
      <Filter>includes</Filter>
    </ClInclude>
    <ClInclude Include="src\tool_writeout_json.h">
      <Filter>includes</Filter>
    </ClInclude>
    <ClInclude Include="src\tool_xattr.h">
      <Filter>includes</Filter>
    </ClInclude>
    <ClInclude Include="src\lib\vauth\digest.h">
      <Filter>includes</Filter>
    </ClInclude>
    <ClInclude Include="src\lib\vauth\ntlm.h">
      <Filter>includes</Filter>
    </ClInclude>
    <ClInclude Include="src\lib\vauth\vauth.h">
      <Filter>includes</Filter>
    </ClInclude>
    <ClInclude Include="src\lib\vquic\curl_msh3.h">
      <Filter>includes</Filter>
    </ClInclude>
    <ClInclude Include="src\lib\vquic\curl_ngtcp2.h">
      <Filter>includes</Filter>
    </ClInclude>
    <ClInclude Include="src\lib\vquic\curl_quiche.h">
      <Filter>includes</Filter>
    </ClInclude>
    <ClInclude Include="src\lib\vquic\vquic.h">
      <Filter>includes</Filter>
    </ClInclude>
    <ClInclude Include="src\lib\vquic\vquic_int.h">
      <Filter>includes</Filter>
    </ClInclude>
    <ClInclude Include="src\lib\vssh\ssh.h">
      <Filter>includes</Filter>
    </ClInclude>
    <ClInclude Include="src\lib\vtls\bearssl.h">
      <Filter>includes</Filter>
    </ClInclude>
    <ClInclude Include="src\lib\vtls\gskit.h">
      <Filter>includes</Filter>
    </ClInclude>
    <ClInclude Include="src\lib\vtls\gtls.h">
      <Filter>includes</Filter>
    </ClInclude>
    <ClInclude Include="src\lib\vtls\hostcheck.h">
      <Filter>includes</Filter>
    </ClInclude>
    <ClInclude Include="src\lib\vtls\keylog.h">
      <Filter>includes</Filter>
    </ClInclude>
    <ClInclude Include="src\lib\vtls\mbedtls.h">
      <Filter>includes</Filter>
    </ClInclude>
    <ClInclude Include="src\lib\vtls\mbedtls_threadlock.h">
      <Filter>includes</Filter>
    </ClInclude>
    <ClInclude Include="src\lib\vtls\nssg.h">
      <Filter>includes</Filter>
    </ClInclude>
    <ClInclude Include="src\lib\vtls\openssl.h">
      <Filter>includes</Filter>
    </ClInclude>
    <ClInclude Include="src\lib\vtls\rustls.h">
      <Filter>includes</Filter>
    </ClInclude>
    <ClInclude Include="src\lib\vtls\schannel.h">
      <Filter>includes</Filter>
    </ClInclude>
    <ClInclude Include="src\lib\vtls\schannel_int.h">
      <Filter>includes</Filter>
    </ClInclude>
    <ClInclude Include="src\lib\vtls\sectransp.h">
      <Filter>includes</Filter>
    </ClInclude>
    <ClInclude Include="src\lib\vtls\vtls.h">
      <Filter>includes</Filter>
    </ClInclude>
    <ClInclude Include="src\lib\vtls\vtls_int.h">
      <Filter>includes</Filter>
    </ClInclude>
    <ClInclude Include="src\lib\vtls\wolfssl.h">
      <Filter>includes</Filter>
    </ClInclude>
    <ClInclude Include="src\lib\vtls\x509asn1.h">
      <Filter>includes</Filter>
    </ClInclude>
    <ClInclude Include="src\lib\altsvc.h">
      <Filter>includes</Filter>
    </ClInclude>
    <ClInclude Include="src\lib\amigaos.h">
      <Filter>includes</Filter>
    </ClInclude>
    <ClInclude Include="src\lib\arpa_telnet.h">
      <Filter>includes</Filter>
    </ClInclude>
    <ClInclude Include="src\lib\asyn.h">
      <Filter>includes</Filter>
    </ClInclude>
    <ClInclude Include="src\lib\bufq.h">
      <Filter>includes</Filter>
    </ClInclude>
    <ClInclude Include="src\lib\bufref.h">
      <Filter>includes</Filter>
    </ClInclude>
    <ClInclude Include="src\lib\cf-h1-proxy.h">
      <Filter>includes</Filter>
    </ClInclude>
    <ClInclude Include="src\lib\cf-h2-proxy.h">
      <Filter>includes</Filter>
    </ClInclude>
    <ClInclude Include="src\lib\cf-haproxy.h">
      <Filter>includes</Filter>
    </ClInclude>
    <ClInclude Include="src\lib\cf-https-connect.h">
      <Filter>includes</Filter>
    </ClInclude>
    <ClInclude Include="src\lib\cfilters.h">
      <Filter>includes</Filter>
    </ClInclude>
    <ClInclude Include="src\lib\cf-socket.h">
      <Filter>includes</Filter>
    </ClInclude>
    <ClInclude Include="src\lib\c-hyper.h">
      <Filter>includes</Filter>
    </ClInclude>
    <ClInclude Include="src\lib\config-amigaos.h">
      <Filter>includes</Filter>
    </ClInclude>
    <ClInclude Include="src\lib\config-dos.h">
      <Filter>includes</Filter>
    </ClInclude>
    <ClInclude Include="src\lib\config-mac.h">
      <Filter>includes</Filter>
    </ClInclude>
    <ClInclude Include="src\lib\config-os400.h">
      <Filter>includes</Filter>
    </ClInclude>
    <ClInclude Include="src\lib\config-plan9.h">
      <Filter>includes</Filter>
    </ClInclude>
    <ClInclude Include="src\lib\config-riscos.h">
      <Filter>includes</Filter>
    </ClInclude>
    <ClInclude Include="src\lib\config-win32.h">
      <Filter>includes</Filter>
    </ClInclude>
    <ClInclude Include="src\lib\config-win32ce.h">
      <Filter>includes</Filter>
    </ClInclude>
    <ClInclude Include="src\lib\conncache.h">
      <Filter>includes</Filter>
    </ClInclude>
    <ClInclude Include="src\lib\connect.h">
      <Filter>includes</Filter>
    </ClInclude>
    <ClInclude Include="src\lib\content_encoding.h">
      <Filter>includes</Filter>
    </ClInclude>
    <ClInclude Include="src\lib\cookie.h">
      <Filter>includes</Filter>
    </ClInclude>
    <ClInclude Include="src\lib\curl_addrinfo.h">
      <Filter>includes</Filter>
    </ClInclude>
    <ClInclude Include="src\lib\curl_base64.h">
      <Filter>includes</Filter>
    </ClInclude>
    <ClInclude Include="src\lib\curl_ctype.h">
      <Filter>includes</Filter>
    </ClInclude>
    <ClInclude Include="src\lib\curl_des.h">
      <Filter>includes</Filter>
    </ClInclude>
    <ClInclude Include="src\lib\curl_endian.h">
      <Filter>includes</Filter>
    </ClInclude>
    <ClInclude Include="src\lib\curl_fnmatch.h">
      <Filter>includes</Filter>
    </ClInclude>
    <ClInclude Include="src\lib\curl_get_line.h">
      <Filter>includes</Filter>
    </ClInclude>
    <ClInclude Include="src\lib\curl_gethostname.h">
      <Filter>includes</Filter>
    </ClInclude>
    <ClInclude Include="src\lib\curl_gssapi.h">
      <Filter>includes</Filter>
    </ClInclude>
    <ClInclude Include="src\lib\curl_hmac.h">
      <Filter>includes</Filter>
    </ClInclude>
    <ClInclude Include="src\lib\curl_krb5.h">
      <Filter>includes</Filter>
    </ClInclude>
    <ClInclude Include="src\lib\curl_ldap.h">
      <Filter>includes</Filter>
    </ClInclude>
    <ClInclude Include="src\lib\curl_log.h">
      <Filter>includes</Filter>
    </ClInclude>
    <ClInclude Include="src\lib\curl_md4.h">
      <Filter>includes</Filter>
    </ClInclude>
    <ClInclude Include="src\lib\curl_md5.h">
      <Filter>includes</Filter>
    </ClInclude>
    <ClInclude Include="src\lib\curl_memory.h">
      <Filter>includes</Filter>
    </ClInclude>
    <ClInclude Include="src\lib\curl_memrchr.h">
      <Filter>includes</Filter>
    </ClInclude>
    <ClInclude Include="src\lib\curl_multibyte.h">
      <Filter>includes</Filter>
    </ClInclude>
    <ClInclude Include="src\lib\curl_ntlm_core.h">
      <Filter>includes</Filter>
    </ClInclude>
    <ClInclude Include="src\lib\curl_ntlm_wb.h">
      <Filter>includes</Filter>
    </ClInclude>
    <ClInclude Include="src\lib\curl_path.h">
      <Filter>includes</Filter>
    </ClInclude>
    <ClInclude Include="src\lib\curl_printf.h">
      <Filter>includes</Filter>
    </ClInclude>
    <ClInclude Include="src\lib\curl_range.h">
      <Filter>includes</Filter>
    </ClInclude>
    <ClInclude Include="src\lib\curl_rtmp.h">
      <Filter>includes</Filter>
    </ClInclude>
    <ClInclude Include="src\lib\curl_sasl.h">
      <Filter>includes</Filter>
    </ClInclude>
    <ClInclude Include="src\lib\curl_setup.h">
      <Filter>includes</Filter>
    </ClInclude>
    <ClInclude Include="src\lib\curl_setup_once.h">
      <Filter>includes</Filter>
    </ClInclude>
    <ClInclude Include="src\lib\curl_sha256.h">
      <Filter>includes</Filter>
    </ClInclude>
    <ClInclude Include="src\lib\curl_sspi.h">
      <Filter>includes</Filter>
    </ClInclude>
    <ClInclude Include="src\lib\curl_threads.h">
      <Filter>includes</Filter>
    </ClInclude>
    <ClInclude Include="src\lib\curlx.h">
      <Filter>includes</Filter>
    </ClInclude>
    <ClInclude Include="src\lib\dict.h">
      <Filter>includes</Filter>
    </ClInclude>
    <ClInclude Include="src\lib\doh.h">
      <Filter>includes</Filter>
    </ClInclude>
    <ClInclude Include="src\lib\dynbuf.h">
      <Filter>includes</Filter>
    </ClInclude>
    <ClInclude Include="src\lib\dynhds.h">
      <Filter>includes</Filter>
    </ClInclude>
    <ClInclude Include="src\lib\easy_lock.h">
      <Filter>includes</Filter>
    </ClInclude>
    <ClInclude Include="src\lib\easyif.h">
      <Filter>includes</Filter>
    </ClInclude>
    <ClInclude Include="src\lib\easyoptions.h">
      <Filter>includes</Filter>
    </ClInclude>
    <ClInclude Include="src\lib\escape.h">
      <Filter>includes</Filter>
    </ClInclude>
    <ClInclude Include="src\lib\file.h">
      <Filter>includes</Filter>
    </ClInclude>
    <ClInclude Include="src\lib\fileinfo.h">
      <Filter>includes</Filter>
    </ClInclude>
    <ClInclude Include="src\lib\fopen.h">
      <Filter>includes</Filter>
    </ClInclude>
    <ClInclude Include="src\lib\formdata.h">
      <Filter>includes</Filter>
    </ClInclude>
    <ClInclude Include="src\lib\ftp.h">
      <Filter>includes</Filter>
    </ClInclude>
    <ClInclude Include="src\lib\ftplistparser.h">
      <Filter>includes</Filter>
    </ClInclude>
    <ClInclude Include="src\lib\functypes.h">
      <Filter>includes</Filter>
    </ClInclude>
    <ClInclude Include="src\lib\getinfo.h">
      <Filter>includes</Filter>
    </ClInclude>
    <ClInclude Include="src\lib\gopher.h">
      <Filter>includes</Filter>
    </ClInclude>
    <ClInclude Include="src\lib\hash.h">
      <Filter>includes</Filter>
    </ClInclude>
    <ClInclude Include="src\lib\headers.h">
      <Filter>includes</Filter>
    </ClInclude>
    <ClInclude Include="src\lib\hostip.h">
      <Filter>includes</Filter>
    </ClInclude>
    <ClInclude Include="src\lib\hsts.h">
      <Filter>includes</Filter>
    </ClInclude>
    <ClInclude Include="src\lib\http.h">
      <Filter>includes</Filter>
    </ClInclude>
    <ClInclude Include="src\lib\http_aws_sigv4.h">
      <Filter>includes</Filter>
    </ClInclude>
    <ClInclude Include="src\lib\http_chunks.h">
      <Filter>includes</Filter>
    </ClInclude>
    <ClInclude Include="src\lib\http_digest.h">
      <Filter>includes</Filter>
    </ClInclude>
    <ClInclude Include="src\lib\http_negotiate.h">
      <Filter>includes</Filter>
    </ClInclude>
    <ClInclude Include="src\lib\http_ntlm.h">
      <Filter>includes</Filter>
    </ClInclude>
    <ClInclude Include="src\lib\http_proxy.h">
      <Filter>includes</Filter>
    </ClInclude>
    <ClInclude Include="src\lib\http1.h">
      <Filter>includes</Filter>
    </ClInclude>
    <ClInclude Include="src\lib\http2.h">
      <Filter>includes</Filter>
    </ClInclude>
    <ClInclude Include="src\lib\idn.h">
      <Filter>includes</Filter>
    </ClInclude>
    <ClInclude Include="src\lib\if2ip.h">
      <Filter>includes</Filter>
    </ClInclude>
    <ClInclude Include="src\lib\imap.h">
      <Filter>includes</Filter>
    </ClInclude>
    <ClInclude Include="src\lib\inet_ntop.h">
      <Filter>includes</Filter>
    </ClInclude>
    <ClInclude Include="src\lib\inet_pton.h">
      <Filter>includes</Filter>
    </ClInclude>
    <ClInclude Include="src\lib\llist.h">
      <Filter>includes</Filter>
    </ClInclude>
    <ClInclude Include="src\lib\memdebug.h">
      <Filter>includes</Filter>
    </ClInclude>
    <ClInclude Include="src\lib\mime.h">
      <Filter>includes</Filter>
    </ClInclude>
    <ClInclude Include="src\lib\mqtt.h">
      <Filter>includes</Filter>
    </ClInclude>
    <ClInclude Include="src\lib\multihandle.h">
      <Filter>includes</Filter>
    </ClInclude>
    <ClInclude Include="src\lib\multiif.h">
      <Filter>includes</Filter>
    </ClInclude>
    <ClInclude Include="src\lib\netrc.h">
      <Filter>includes</Filter>
    </ClInclude>
    <ClInclude Include="src\lib\nonblock.h">
      <Filter>includes</Filter>
    </ClInclude>
    <ClInclude Include="src\lib\noproxy.h">
      <Filter>includes</Filter>
    </ClInclude>
    <ClInclude Include="src\lib\parsedate.h">
      <Filter>includes</Filter>
    </ClInclude>
    <ClInclude Include="src\lib\pingpong.h">
      <Filter>includes</Filter>
    </ClInclude>
    <ClInclude Include="src\lib\pop3.h">
      <Filter>includes</Filter>
    </ClInclude>
    <ClInclude Include="src\lib\progress.h">
      <Filter>includes</Filter>
    </ClInclude>
    <ClInclude Include="src\lib\psl.h">
      <Filter>includes</Filter>
    </ClInclude>
    <ClInclude Include="src\lib\rand.h">
      <Filter>includes</Filter>
    </ClInclude>
    <ClInclude Include="src\lib\rename.h">
      <Filter>includes</Filter>
    </ClInclude>
    <ClInclude Include="src\lib\rtsp.h">
      <Filter>includes</Filter>
    </ClInclude>
    <ClInclude Include="src\lib\select.h">
      <Filter>includes</Filter>
    </ClInclude>
    <ClInclude Include="src\lib\sendf.h">
      <Filter>includes</Filter>
    </ClInclude>
    <ClInclude Include="src\lib\setopt.h">
      <Filter>includes</Filter>
    </ClInclude>
    <ClInclude Include="src\lib\setup-os400.h">
      <Filter>includes</Filter>
    </ClInclude>
    <ClInclude Include="src\lib\setup-vms.h">
      <Filter>includes</Filter>
    </ClInclude>
    <ClInclude Include="src\lib\setup-win32.h">
      <Filter>includes</Filter>
    </ClInclude>
    <ClInclude Include="src\lib\share.h">
      <Filter>includes</Filter>
    </ClInclude>
    <ClInclude Include="src\lib\sigpipe.h">
      <Filter>includes</Filter>
    </ClInclude>
    <ClInclude Include="src\lib\slist.h">
      <Filter>includes</Filter>
    </ClInclude>
    <ClInclude Include="src\lib\smb.h">
      <Filter>includes</Filter>
    </ClInclude>
    <ClInclude Include="src\lib\smtp.h">
      <Filter>includes</Filter>
    </ClInclude>
    <ClInclude Include="src\lib\sockaddr.h">
      <Filter>includes</Filter>
    </ClInclude>
    <ClInclude Include="src\lib\socketpair.h">
      <Filter>includes</Filter>
    </ClInclude>
    <ClInclude Include="src\lib\socks.h">
      <Filter>includes</Filter>
    </ClInclude>
    <ClInclude Include="src\lib\speedcheck.h">
      <Filter>includes</Filter>
    </ClInclude>
    <ClInclude Include="src\lib\splay.h">
      <Filter>includes</Filter>
    </ClInclude>
    <ClInclude Include="src\lib\strcase.h">
      <Filter>includes</Filter>
    </ClInclude>
    <ClInclude Include="src\lib\strdup.h">
      <Filter>includes</Filter>
    </ClInclude>
    <ClInclude Include="src\lib\strerror.h">
      <Filter>includes</Filter>
    </ClInclude>
    <ClInclude Include="src\lib\strtok.h">
      <Filter>includes</Filter>
    </ClInclude>
    <ClInclude Include="src\lib\strtoofft.h">
      <Filter>includes</Filter>
    </ClInclude>
    <ClInclude Include="src\lib\system_win32.h">
      <Filter>includes</Filter>
    </ClInclude>
    <ClInclude Include="src\lib\telnet.h">
      <Filter>includes</Filter>
    </ClInclude>
    <ClInclude Include="src\lib\tftp.h">
      <Filter>includes</Filter>
    </ClInclude>
    <ClInclude Include="src\lib\timediff.h">
      <Filter>includes</Filter>
    </ClInclude>
    <ClInclude Include="src\lib\timeval.h">
      <Filter>includes</Filter>
    </ClInclude>
    <ClInclude Include="src\lib\transfer.h">
      <Filter>includes</Filter>
    </ClInclude>
    <ClInclude Include="src\lib\url.h">
      <Filter>includes</Filter>
    </ClInclude>
    <ClInclude Include="src\lib\urlapi-int.h">
      <Filter>includes</Filter>
    </ClInclude>
    <ClInclude Include="src\lib\urldata.h">
      <Filter>includes</Filter>
    </ClInclude>
    <ClInclude Include="src\lib\version_win32.h">
      <Filter>includes</Filter>
    </ClInclude>
    <ClInclude Include="src\lib\warnless.h">
      <Filter>includes</Filter>
    </ClInclude>
    <ClInclude Include="src\lib\ws.h">
      <Filter>includes</Filter>
    </ClInclude>
  </ItemGroup>
  <ItemGroup>
    <ResourceCompile Include="src\curl.rc" />
    <ResourceCompile Include="src\lib\libcurl.rc" />
  </ItemGroup>
  <ItemGroup>
    <None Include="src\Makefile.inc">
      <Filter>includes</Filter>
    </None>
    <None Include="src\lib\Makefile.inc">
      <Filter>includes</Filter>
    </None>
  </ItemGroup>
</Project>