<?xml version="1.0" encoding="utf-8"?>
<Project ToolsVersion="4.0" xmlns="http://schemas.microsoft.com/developer/msbuild/2003">
  <ItemGroup>
    <Filter Include="src">
      <UniqueIdentifier>{4FC737F1-C7A5-4376-A066-2A32D752A2FF}</UniqueIdentifier>
      <Extensions>cpp;c;cc;cxx;c++;cppm;ixx;def;odl;idl;hpj;bat;asm;asmx</Extensions>
    </Filter>
    <Filter Include="includes">
      <UniqueIdentifier>{93995380-89BD-4b04-88EB-625FBE52EBFB}</UniqueIdentifier>
      <Extensions>h;hh;hpp;hxx;h++;hm;inl;inc;ipp;xsd</Extensions>
    </Filter>
  </ItemGroup>
  <ItemGroup>
    <ClCompile Include="src\random_device.cpp">
      <Filter>src</Filter>
    </ClCompile>
  </ItemGroup>
  <ItemGroup>
    <ClInclude Include="includes\common.hpp">
      <Filter>includes</Filter>
    </ClInclude>
    <ClInclude Include="includes\boost\random\detail\auto_link.hpp">
      <Filter>includes</Filter>
    </ClInclude>
    <ClInclude Include="includes\boost\random\detail\config.hpp">
      <Filter>includes</Filter>
    </ClInclude>
    <ClInclude Include="includes\boost\random\detail\const_mod.hpp">
      <Filter>includes</Filter>
    </ClInclude>
    <ClInclude Include="includes\boost\random\detail\disable_warnings.hpp">
      <Filter>includes</Filter>
    </ClInclude>
    <ClInclude Include="includes\boost\random\detail\enable_warnings.hpp">
      <Filter>includes</Filter>
    </ClInclude>
    <ClInclude Include="includes\boost\random\detail\generator_bits.hpp">
      <Filter>includes</Filter>
    </ClInclude>
    <ClInclude Include="includes\boost\random\detail\generator_seed_seq.hpp">
      <Filter>includes</Filter>
    </ClInclude>
    <ClInclude Include="includes\boost\random\detail\gray_coded_qrng.hpp">
      <Filter>includes</Filter>
    </ClInclude>
    <ClInclude Include="includes\boost\random\detail\int_float_pair.hpp">
      <Filter>includes</Filter>
    </ClInclude>
    <ClInclude Include="includes\boost\random\detail\integer_log2.hpp">
      <Filter>includes</Filter>
    </ClInclude>
    <ClInclude Include="includes\boost\random\detail\iterator_mixin.hpp">
      <Filter>includes</Filter>
    </ClInclude>
    <ClInclude Include="includes\boost\random\detail\large_arithmetic.hpp">
      <Filter>includes</Filter>
    </ClInclude>
    <ClInclude Include="includes\boost\random\detail\mixmax_skip_N17.ipp">
      <Filter>includes</Filter>
    </ClInclude>
    <ClInclude Include="includes\boost\random\detail\niederreiter_base2_table.hpp">
      <Filter>includes</Filter>
    </ClInclude>
    <ClInclude Include="includes\boost\random\detail\operators.hpp">
      <Filter>includes</Filter>
    </ClInclude>
    <ClInclude Include="includes\boost\random\detail\polynomial.hpp">
      <Filter>includes</Filter>
    </ClInclude>
    <ClInclude Include="includes\boost\random\detail\ptr_helper.hpp">
      <Filter>includes</Filter>
    </ClInclude>
    <ClInclude Include="includes\boost\random\detail\qrng_base.hpp">
      <Filter>includes</Filter>
    </ClInclude>
    <ClInclude Include="includes\boost\random\detail\seed.hpp">
      <Filter>includes</Filter>
    </ClInclude>
    <ClInclude Include="includes\boost\random\detail\seed_impl.hpp">
      <Filter>includes</Filter>
    </ClInclude>
    <ClInclude Include="includes\boost\random\detail\signed_unsigned_tools.hpp">
      <Filter>includes</Filter>
    </ClInclude>
    <ClInclude Include="includes\boost\random\detail\sobol_table.hpp">
      <Filter>includes</Filter>
    </ClInclude>
    <ClInclude Include="includes\boost\random\detail\uniform_int_float.hpp">
      <Filter>includes</Filter>
    </ClInclude>
    <ClInclude Include="includes\boost\random\detail\vector_io.hpp">
      <Filter>includes</Filter>
    </ClInclude>
    <ClInclude Include="includes\boost\random\additive_combine.hpp">
      <Filter>includes</Filter>
    </ClInclude>
    <ClInclude Include="includes\boost\random\bernoulli_distribution.hpp">
      <Filter>includes</Filter>
    </ClInclude>
    <ClInclude Include="includes\boost\random\beta_distribution.hpp">
      <Filter>includes</Filter>
    </ClInclude>
    <ClInclude Include="includes\boost\random\binomial_distribution.hpp">
      <Filter>includes</Filter>
    </ClInclude>
    <ClInclude Include="includes\boost\random\cauchy_distribution.hpp">
      <Filter>includes</Filter>
    </ClInclude>
    <ClInclude Include="includes\boost\random\chi_squared_distribution.hpp">
      <Filter>includes</Filter>
    </ClInclude>
    <ClInclude Include="includes\boost\random\discard_block.hpp">
      <Filter>includes</Filter>
    </ClInclude>
    <ClInclude Include="includes\boost\random\discrete_distribution.hpp">
      <Filter>includes</Filter>
    </ClInclude>
    <ClInclude Include="includes\boost\random\exponential_distribution.hpp">
      <Filter>includes</Filter>
    </ClInclude>
    <ClInclude Include="includes\boost\random\extreme_value_distribution.hpp">
      <Filter>includes</Filter>
    </ClInclude>
    <ClInclude Include="includes\boost\random\faure.hpp">
      <Filter>includes</Filter>
    </ClInclude>
    <ClInclude Include="includes\boost\random\fisher_f_distribution.hpp">
      <Filter>includes</Filter>
    </ClInclude>
    <ClInclude Include="includes\boost\random\gamma_distribution.hpp">
      <Filter>includes</Filter>
    </ClInclude>
    <ClInclude Include="includes\boost\random\generate_canonical.hpp">
      <Filter>includes</Filter>
    </ClInclude>
    <ClInclude Include="includes\boost\random\geometric_distribution.hpp">
      <Filter>includes</Filter>
    </ClInclude>
    <ClInclude Include="includes\boost\random\hyperexponential_distribution.hpp">
      <Filter>includes</Filter>
    </ClInclude>
    <ClInclude Include="includes\boost\random\independent_bits.hpp">
      <Filter>includes</Filter>
    </ClInclude>
    <ClInclude Include="includes\boost\random\inversive_congruential.hpp">
      <Filter>includes</Filter>
    </ClInclude>
    <ClInclude Include="includes\boost\random\lagged_fibonacci.hpp">
      <Filter>includes</Filter>
    </ClInclude>
    <ClInclude Include="includes\boost\random\laplace_distribution.hpp">
      <Filter>includes</Filter>
    </ClInclude>
    <ClInclude Include="includes\boost\random\linear_congruential.hpp">
      <Filter>includes</Filter>
    </ClInclude>
    <ClInclude Include="includes\boost\random\linear_feedback_shift.hpp">
      <Filter>includes</Filter>
    </ClInclude>
    <ClInclude Include="includes\boost\random\lognormal_distribution.hpp">
      <Filter>includes</Filter>
    </ClInclude>
    <ClInclude Include="includes\boost\random\mersenne_twister.hpp">
      <Filter>includes</Filter>
    </ClInclude>
    <ClInclude Include="includes\boost\random\mixmax.hpp">
      <Filter>includes</Filter>
    </ClInclude>
    <ClInclude Include="includes\boost\random\negative_binomial_distribution.hpp">
      <Filter>includes</Filter>
    </ClInclude>
    <ClInclude Include="includes\boost\random\niederreiter_base2.hpp">
      <Filter>includes</Filter>
    </ClInclude>
    <ClInclude Include="includes\boost\random\non_central_chi_squared_distribution.hpp">
      <Filter>includes</Filter>
    </ClInclude>
    <ClInclude Include="includes\boost\random\normal_distribution.hpp">
      <Filter>includes</Filter>
    </ClInclude>
    <ClInclude Include="includes\boost\random\piecewise_constant_distribution.hpp">
      <Filter>includes</Filter>
    </ClInclude>
    <ClInclude Include="includes\boost\random\piecewise_linear_distribution.hpp">
      <Filter>includes</Filter>
    </ClInclude>
    <ClInclude Include="includes\boost\random\poisson_distribution.hpp">
      <Filter>includes</Filter>
    </ClInclude>
    <ClInclude Include="includes\boost\random\random_device.hpp">
      <Filter>includes</Filter>
    </ClInclude>
    <ClInclude Include="includes\boost\random\random_number_generator.hpp">
      <Filter>includes</Filter>
    </ClInclude>
    <ClInclude Include="includes\boost\random\ranlux.hpp">
      <Filter>includes</Filter>
    </ClInclude>
    <ClInclude Include="includes\boost\random\seed_seq.hpp">
      <Filter>includes</Filter>
    </ClInclude>
    <ClInclude Include="includes\boost\random\shuffle_order.hpp">
      <Filter>includes</Filter>
    </ClInclude>
    <ClInclude Include="includes\boost\random\shuffle_output.hpp">
      <Filter>includes</Filter>
    </ClInclude>
    <ClInclude Include="includes\boost\random\sobol.hpp">
      <Filter>includes</Filter>
    </ClInclude>
    <ClInclude Include="includes\boost\random\student_t_distribution.hpp">
      <Filter>includes</Filter>
    </ClInclude>
    <ClInclude Include="includes\boost\random\subtract_with_carry.hpp">
      <Filter>includes</Filter>
    </ClInclude>
    <ClInclude Include="includes\boost\random\taus88.hpp">
      <Filter>includes</Filter>
    </ClInclude>
    <ClInclude Include="includes\boost\random\traits.hpp">
      <Filter>includes</Filter>
    </ClInclude>
    <ClInclude Include="includes\boost\random\triangle_distribution.hpp">
      <Filter>includes</Filter>
    </ClInclude>
    <ClInclude Include="includes\boost\random\uniform_01.hpp">
      <Filter>includes</Filter>
    </ClInclude>
    <ClInclude Include="includes\boost\random\uniform_int.hpp">
      <Filter>includes</Filter>
    </ClInclude>
    <ClInclude Include="includes\boost\random\uniform_int_distribution.hpp">
      <Filter>includes</Filter>
    </ClInclude>
    <ClInclude Include="includes\boost\random\uniform_on_sphere.hpp">
      <Filter>includes</Filter>
    </ClInclude>
    <ClInclude Include="includes\boost\random\uniform_real.hpp">
      <Filter>includes</Filter>
    </ClInclude>
    <ClInclude Include="includes\boost\random\uniform_real_distribution.hpp">
      <Filter>includes</Filter>
    </ClInclude>
    <ClInclude Include="includes\boost\random\uniform_smallint.hpp">
      <Filter>includes</Filter>
    </ClInclude>
    <ClInclude Include="includes\boost\random\variate_generator.hpp">
      <Filter>includes</Filter>
    </ClInclude>
    <ClInclude Include="includes\boost\random\weibull_distribution.hpp">
      <Filter>includes</Filter>
    </ClInclude>
    <ClInclude Include="includes\boost\random\xor_combine.hpp">
      <Filter>includes</Filter>
    </ClInclude>
    <ClInclude Include="includes\boost\nondet_random.hpp">
      <Filter>includes</Filter>
    </ClInclude>
    <ClInclude Include="includes\boost\random.hpp">
      <Filter>includes</Filter>
    </ClInclude>
  </ItemGroup>
</Project>